
Microsoft Visual Studio Solution File, Format Version 12.00
Project("{2150E333-8FDC-42A3-9474-1A3956D46DE8}") = "src", "src", "{CA38BDC0-4D43-4867-9A16-EAAC41D925FC}"
EndProject
Project("{2150E333-8FDC-42A3-9474-1A3956D46DE8}") = "tests", "tests", "{D25163B3-8C16-4D99-81D0-5FDC3EEC283D}"
EndProject
Project("{2150E333-8FDC-42A3-9474-1A3956D46DE8}") = "DomainLayer", "DomainLayer", "{07555E47-B181-4FE0-828F-195A16FB2918}"
EndProject
Project("{2150E333-8FDC-42A3-9474-1A3956D46DE8}") = "DataAccessLayer", "DataAccessLayer", "{63AC3200-00C2-4058-9EA7-26DC69743AAC}"
EndProject
Project("{2150E333-8FDC-42A3-9474-1A3956D46DE8}") = "BusinessLogicLayer", "BusinessLogicLayer", "{1F0CAFB3-9DB2-4550-A120-83B4B3BC8805}"
EndProject
Project("{2150E333-8FDC-42A3-9474-1A3956D46DE8}") = "WebApi", "WebApi", "{7BCAF460-E88E-4A93-9287-79B621C00E89}"
EndProject
Project("{2150E333-8FDC-42A3-9474-1A3956D46DE8}") = "UnitTests", "UnitTests", "{8320F2CD-2B26-464B-892D-33D2FC0888E4}"
EndProject
Project("{2150E333-8FDC-42A3-9474-1A3956D46DE8}") = "IntegrationTests", "IntegrationTests", "{4448A577-2D60-4714-BE7B-EFD9C1E453E3}"
EndProject
Project("{FAE04EC0-301F-11D3-BF4B-00C04F79EFBC}") = "ProductApi", "ProductApi\ProductApi.csproj", "{13E26E96-71C0-4DB4-8923-69184B50BE6A}"
EndProject
Project("{FAE04EC0-301F-11D3-BF4B-00C04F79EFBC}") = "Product.Domain", "Product.Domain\Product.Domain.csproj", "{3BF150D1-0A57-4F74-88B4-971EC6E719BA}"
EndProject
Project("{FAE04EC0-301F-11D3-BF4B-00C04F79EFBC}") = "Product.DAL", "Product.DAL\Product.DAL.csproj", "{8ACFD0D8-D519-41E7-B536-CE015363CF37}"
EndProject
Project("{FAE04EC0-301F-11D3-BF4B-00C04F79EFBC}") = "Product.BLL", "Product.BLL\Product.BLL.csproj", "{490D5A33-F237-4004-ACF6-D57CC2D8740B}"
EndProject
Global
	GlobalSection(SolutionConfigurationPlatforms) = preSolution
		Debug|Any CPU = Debug|Any CPU
		Release|Any CPU = Release|Any CPU
	EndGlobalSection
	GlobalSection(NestedProjects) = preSolution
		{07555E47-B181-4FE0-828F-195A16FB2918} = {CA38BDC0-4D43-4867-9A16-EAAC41D925FC}
		{63AC3200-00C2-4058-9EA7-26DC69743AAC} = {CA38BDC0-4D43-4867-9A16-EAAC41D925FC}
		{1F0CAFB3-9DB2-4550-A120-83B4B3BC8805} = {CA38BDC0-4D43-4867-9A16-EAAC41D925FC}
		{7BCAF460-E88E-4A93-9287-79B621C00E89} = {CA38BDC0-4D43-4867-9A16-EAAC41D925FC}
		{8320F2CD-2B26-464B-892D-33D2FC0888E4} = {D25163B3-8C16-4D99-81D0-5FDC3EEC283D}
		{4448A577-2D60-4714-BE7B-EFD9C1E453E3} = {D25163B3-8C16-4D99-81D0-5FDC3EEC283D}
		{13E26E96-71C0-4DB4-8923-69184B50BE6A} = {7BCAF460-E88E-4A93-9287-79B621C00E89}
		{3BF150D1-0A57-4F74-88B4-971EC6E719BA} = {07555E47-B181-4FE0-828F-195A16FB2918}
		{8ACFD0D8-D519-41E7-B536-CE015363CF37} = {63AC3200-00C2-4058-9EA7-26DC69743AAC}
		{490D5A33-F237-4004-ACF6-D57CC2D8740B} = {1F0CAFB3-9DB2-4550-A120-83B4B3BC8805}
	EndGlobalSection
	GlobalSection(ProjectConfigurationPlatforms) = postSolution
		{13E26E96-71C0-4DB4-8923-69184B50BE6A}.Debug|Any CPU.ActiveCfg = Debug|Any CPU
		{13E26E96-71C0-4DB4-8923-69184B50BE6A}.Debug|Any CPU.Build.0 = Debug|Any CPU
		{13E26E96-71C0-4DB4-8923-69184B50BE6A}.Release|Any CPU.ActiveCfg = Release|Any CPU
		{13E26E96-71C0-4DB4-8923-69184B50BE6A}.Release|Any CPU.Build.0 = Release|Any CPU
		{3BF150D1-0A57-4F74-88B4-971EC6E719BA}.Debug|Any CPU.ActiveCfg = Debug|Any CPU
		{3BF150D1-0A57-4F74-88B4-971EC6E719BA}.Debug|Any CPU.Build.0 = Debug|Any CPU
		{3BF150D1-0A57-4F74-88B4-971EC6E719BA}.Release|Any CPU.ActiveCfg = Release|Any CPU
		{3BF150D1-0A57-4F74-88B4-971EC6E719BA}.Release|Any CPU.Build.0 = Release|Any CPU
		{8ACFD0D8-D519-41E7-B536-CE015363CF37}.Debug|Any CPU.ActiveCfg = Debug|Any CPU
		{8ACFD0D8-D519-41E7-B536-CE015363CF37}.Debug|Any CPU.Build.0 = Debug|Any CPU
		{8ACFD0D8-D519-41E7-B536-CE015363CF37}.Release|Any CPU.ActiveCfg = Release|Any CPU
		{8ACFD0D8-D519-41E7-B536-CE015363CF37}.Release|Any CPU.Build.0 = Release|Any CPU
		{490D5A33-F237-4004-ACF6-D57CC2D8740B}.Debug|Any CPU.ActiveCfg = Debug|Any CPU
		{490D5A33-F237-4004-ACF6-D57CC2D8740B}.Debug|Any CPU.Build.0 = Debug|Any CPU
		{490D5A33-F237-4004-ACF6-D57CC2D8740B}.Release|Any CPU.ActiveCfg = Release|Any CPU
		{490D5A33-F237-4004-ACF6-D57CC2D8740B}.Release|Any CPU.Build.0 = Release|Any CPU
	EndGlobalSection
EndGlobal
